// !$*UTF8*$!
{
	archiveVersion = 1;
	classes = {
	};
	objectVersion = 53;
	objects = {

/* Begin PBXBuildFile section */
		38F4AEFA205969CD00341940 /* SnackView.framework in Frameworks */ = {isa = PBXBuildFile; fileRef = 38F4AEF0205969CD00341940 /* SnackView.framework */; platformFilter = ios; };
		38F4AF01205969CD00341940 /* SnackView.h in Headers */ = {isa = PBXBuildFile; fileRef = 38F4AEF3205969CD00341940 /* SnackView.h */; settings = {ATTRIBUTES = (Public, ); }; };
		5133D430264E876B006EB850 /* SnackViewTests.swift in Sources */ = {isa = PBXBuildFile; fileRef = 5133D42F264E876B006EB850 /* SnackViewTests.swift */; };
		515479872857DD9A005C5C71 /* SVSkeletonView.swift in Sources */ = {isa = PBXBuildFile; fileRef = 515479802857DD9A005C5C71 /* SVSkeletonView.swift */; };
		515479882857DD9A005C5C71 /* SnackViewPublicMethods.swift in Sources */ = {isa = PBXBuildFile; fileRef = 515479812857DD9A005C5C71 /* SnackViewPublicMethods.swift */; };
		515479892857DD9A005C5C71 /* SVScrollView.swift in Sources */ = {isa = PBXBuildFile; fileRef = 515479822857DD9A005C5C71 /* SVScrollView.swift */; };
		5154798A2857DD9A005C5C71 /* SnackViewInternalMethods.swift in Sources */ = {isa = PBXBuildFile; fileRef = 515479832857DD9A005C5C71 /* SnackViewInternalMethods.swift */; };
		5154798B2857DD9A005C5C71 /* SnackViewKeyboardObserver.swift in Sources */ = {isa = PBXBuildFile; fileRef = 515479842857DD9A005C5C71 /* SnackViewKeyboardObserver.swift */; };
		5154798C2857DD9A005C5C71 /* SnackView.swift in Sources */ = {isa = PBXBuildFile; fileRef = 515479852857DD9A005C5C71 /* SnackView.swift */; };
		5154798D2857DD9A005C5C71 /* SnackViewDataSource.swift in Sources */ = {isa = PBXBuildFile; fileRef = 515479862857DD9A005C5C71 /* SnackViewDataSource.swift */; };
		5154799D2857DDC3005C5C71 /* SVSwitchItem.swift in Sources */ = {isa = PBXBuildFile; fileRef = 5154798F2857DDC2005C5C71 /* SVSwitchItem.swift */; };
		5154799E2857DDC3005C5C71 /* SVDescriptionItem.swift in Sources */ = {isa = PBXBuildFile; fileRef = 515479902857DDC2005C5C71 /* SVDescriptionItem.swift */; };
		5154799F2857DDC3005C5C71 /* SVSegmentedControllerItem.swift in Sources */ = {isa = PBXBuildFile; fileRef = 515479912857DDC2005C5C71 /* SVSegmentedControllerItem.swift */; };
		515479A02857DDC3005C5C71 /* SVSpacerItem.swift in Sources */ = {isa = PBXBuildFile; fileRef = 515479922857DDC2005C5C71 /* SVSpacerItem.swift */; };
		515479A12857DDC3005C5C71 /* SVImageViewItem.swift in Sources */ = {isa = PBXBuildFile; fileRef = 515479932857DDC2005C5C71 /* SVImageViewItem.swift */; };
		515479A22857DDC3005C5C71 /* SVItem.swift in Sources */ = {isa = PBXBuildFile; fileRef = 515479942857DDC2005C5C71 /* SVItem.swift */; };
		515479A32857DDC3005C5C71 /* SVApplicationItem.swift in Sources */ = {isa = PBXBuildFile; fileRef = 515479952857DDC2005C5C71 /* SVApplicationItem.swift */; };
		515479A42857DDC3005C5C71 /* SVButtonItem.swift in Sources */ = {isa = PBXBuildFile; fileRef = 515479962857DDC2005C5C71 /* SVButtonItem.swift */; };
		515479A52857DDC3005C5C71 /* SVDetailTextItem.swift in Sources */ = {isa = PBXBuildFile; fileRef = 515479972857DDC2005C5C71 /* SVDetailTextItem.swift */; };
		515479A62857DDC3005C5C71 /* SVStepperItem.swift in Sources */ = {isa = PBXBuildFile; fileRef = 515479982857DDC3005C5C71 /* SVStepperItem.swift */; };
		515479A72857DDC3005C5C71 /* SVSliderItem.swift in Sources */ = {isa = PBXBuildFile; fileRef = 515479992857DDC3005C5C71 /* SVSliderItem.swift */; };
		515479A82857DDC3005C5C71 /* SVTextFieldItem.swift in Sources */ = {isa = PBXBuildFile; fileRef = 5154799A2857DDC3005C5C71 /* SVTextFieldItem.swift */; };
		515479A92857DDC3005C5C71 /* SVTitleItem.swift in Sources */ = {isa = PBXBuildFile; fileRef = 5154799B2857DDC3005C5C71 /* SVTitleItem.swift */; };
		515479AA2857DDC3005C5C71 /* SVLoaderItem.swift in Sources */ = {isa = PBXBuildFile; fileRef = 5154799C2857DDC3005C5C71 /* SVLoaderItem.swift */; };
		515479AC2857E590005C5C71 /* SnackViewAssets.xcassets in Resources */ = {isa = PBXBuildFile; fileRef = 515479AB2857E590005C5C71 /* SnackViewAssets.xcassets */; };
		515479B22857E6D8005C5C71 /* CustomInputAccessoryView.swift in Sources */ = {isa = PBXBuildFile; fileRef = 515479B02857E6D8005C5C71 /* CustomInputAccessoryView.swift */; };
		515479B32857E6D8005C5C71 /* UIView-Extensions.swift in Sources */ = {isa = PBXBuildFile; fileRef = 515479B12857E6D8005C5C71 /* UIView-Extensions.swift */; };
		515479B828586407005C5C71 /* Quick.xcframework in Frameworks */ = {isa = PBXBuildFile; fileRef = 515479B628586407005C5C71 /* Quick.xcframework */; };
		515479B928586407005C5C71 /* Nimble.xcframework in Frameworks */ = {isa = PBXBuildFile; fileRef = 515479B728586407005C5C71 /* Nimble.xcframework */; };
		5192725A21F86BC100E0965C /* SVCustomButton.swift in Sources */ = {isa = PBXBuildFile; fileRef = 5192725921F86BC100E0965C /* SVCustomButton.swift */; };
		5192725E21F86EE800E0965C /* SVGradientView.swift in Sources */ = {isa = PBXBuildFile; fileRef = 5192725D21F86EE800E0965C /* SVGradientView.swift */; };
		51ADB77D264E9B2300D6488C /* SnackViewItemsTests.swift in Sources */ = {isa = PBXBuildFile; fileRef = 51ADB77C264E9B2300D6488C /* SnackViewItemsTests.swift */; };
		51ADB790264EB5E300D6488C /* MockSnackViewDataSource.swift in Sources */ = {isa = PBXBuildFile; fileRef = 51ADB78F264EB5E300D6488C /* MockSnackViewDataSource.swift */; };
		8EFCF5922212149800F68700 /* ExampleSnackViewDataSourceManager.swift in Sources */ = {isa = PBXBuildFile; fileRef = 8EFCF5912212149800F68700 /* ExampleSnackViewDataSourceManager.swift */; };
		FF42AE0F21E2844200F4ECEB /* AppDelegate.swift in Sources */ = {isa = PBXBuildFile; fileRef = FF42AE0E21E2844200F4ECEB /* AppDelegate.swift */; };
		FF42AE1121E2844200F4ECEB /* ViewController.swift in Sources */ = {isa = PBXBuildFile; fileRef = FF42AE1021E2844200F4ECEB /* ViewController.swift */; };
		FF42AE1421E2844300F4ECEB /* Main.storyboard in Resources */ = {isa = PBXBuildFile; fileRef = FF42AE1221E2844200F4ECEB /* Main.storyboard */; };
		FF42AE1621E2844300F4ECEB /* Assets.xcassets in Resources */ = {isa = PBXBuildFile; fileRef = FF42AE1521E2844300F4ECEB /* Assets.xcassets */; };
		FF42AE1921E2844300F4ECEB /* LaunchScreen.storyboard in Resources */ = {isa = PBXBuildFile; fileRef = FF42AE1721E2844300F4ECEB /* LaunchScreen.storyboard */; };
		FF42AE3521E2AEA800F4ECEB /* SnackView.framework in Frameworks */ = {isa = PBXBuildFile; fileRef = 38F4AEF0205969CD00341940 /* SnackView.framework */; };
		FF42AE3721E2AECC00F4ECEB /* SnackView.framework in CopyFiles */ = {isa = PBXBuildFile; fileRef = 38F4AEF0205969CD00341940 /* SnackView.framework */; settings = {ATTRIBUTES = (CodeSignOnCopy, RemoveHeadersOnCopy, ); }; };
		FF42AE3D21E2B08A00F4ECEB /* Default-568h@2x.png in Resources */ = {isa = PBXBuildFile; fileRef = FF42AE3C21E2B08A00F4ECEB /* Default-568h@2x.png */; };
		FF42AE4121E2B5C000F4ECEB /* SVCustomItem.swift in Sources */ = {isa = PBXBuildFile; fileRef = FF42AE4021E2B5C000F4ECEB /* SVCustomItem.swift */; };
/* End PBXBuildFile section */

/* Begin PBXContainerItemProxy section */
		38F4AEFB205969CD00341940 /* PBXContainerItemProxy */ = {
			isa = PBXContainerItemProxy;
			containerPortal = 38F4AEE7205969CD00341940 /* Project object */;
			proxyType = 1;
			remoteGlobalIDString = 38F4AEEF205969CD00341940;
			remoteInfo = SnackView;
		};
		FF42AE2C21E2846000F4ECEB /* PBXContainerItemProxy */ = {
			isa = PBXContainerItemProxy;
			containerPortal = 38F4AEE7205969CD00341940 /* Project object */;
			proxyType = 1;
			remoteGlobalIDString = FF42AE0B21E2844200F4ECEB;
			remoteInfo = SnackViewExample;
		};
/* End PBXContainerItemProxy section */

/* Begin PBXCopyFilesBuildPhase section */
		51AB2CA326504CF400BE2891 /* CopyFiles */ = {
			isa = PBXCopyFilesBuildPhase;
			buildActionMask = 2147483647;
			dstPath = "";
			dstSubfolderSpec = 10;
			files = (
			);
			runOnlyForDeploymentPostprocessing = 0;
		};
		FF42AE3621E2AEAC00F4ECEB /* CopyFiles */ = {
			isa = PBXCopyFilesBuildPhase;
			buildActionMask = 2147483647;
			dstPath = "";
			dstSubfolderSpec = 10;
			files = (
				FF42AE3721E2AECC00F4ECEB /* SnackView.framework in CopyFiles */,
			);
			runOnlyForDeploymentPostprocessing = 0;
		};
/* End PBXCopyFilesBuildPhase section */

/* Begin PBXFileReference section */
		38F4AEF0205969CD00341940 /* SnackView.framework */ = {isa = PBXFileReference; explicitFileType = wrapper.framework; includeInIndex = 0; path = SnackView.framework; sourceTree = BUILT_PRODUCTS_DIR; };
		38F4AEF3205969CD00341940 /* SnackView.h */ = {isa = PBXFileReference; lastKnownFileType = sourcecode.c.h; path = SnackView.h; sourceTree = "<group>"; };
		38F4AEF4205969CD00341940 /* Info.plist */ = {isa = PBXFileReference; lastKnownFileType = text.plist.xml; path = Info.plist; sourceTree = "<group>"; };
		38F4AEF9205969CD00341940 /* SnackViewTests.xctest */ = {isa = PBXFileReference; explicitFileType = wrapper.cfbundle; includeInIndex = 0; path = SnackViewTests.xctest; sourceTree = BUILT_PRODUCTS_DIR; };
		38F4AF00205969CD00341940 /* Info.plist */ = {isa = PBXFileReference; lastKnownFileType = text.plist.xml; path = Info.plist; sourceTree = "<group>"; };
		5133D42E264E876B006EB850 /* SnackViewTests-Bridging-Header.h */ = {isa = PBXFileReference; lastKnownFileType = sourcecode.c.h; path = "SnackViewTests-Bridging-Header.h"; sourceTree = "<group>"; };
		5133D42F264E876B006EB850 /* SnackViewTests.swift */ = {isa = PBXFileReference; lastKnownFileType = sourcecode.swift; path = SnackViewTests.swift; sourceTree = "<group>"; };
		515479802857DD9A005C5C71 /* SVSkeletonView.swift */ = {isa = PBXFileReference; fileEncoding = 4; lastKnownFileType = sourcecode.swift; name = SVSkeletonView.swift; path = Sources/SnackView/SVSkeletonView.swift; sourceTree = SOURCE_ROOT; };
		515479812857DD9A005C5C71 /* SnackViewPublicMethods.swift */ = {isa = PBXFileReference; fileEncoding = 4; lastKnownFileType = sourcecode.swift; name = SnackViewPublicMethods.swift; path = Sources/SnackView/SnackViewPublicMethods.swift; sourceTree = SOURCE_ROOT; };
		515479822857DD9A005C5C71 /* SVScrollView.swift */ = {isa = PBXFileReference; fileEncoding = 4; lastKnownFileType = sourcecode.swift; name = SVScrollView.swift; path = Sources/SnackView/SVScrollView.swift; sourceTree = SOURCE_ROOT; };
		515479832857DD9A005C5C71 /* SnackViewInternalMethods.swift */ = {isa = PBXFileReference; fileEncoding = 4; lastKnownFileType = sourcecode.swift; name = SnackViewInternalMethods.swift; path = Sources/SnackView/SnackViewInternalMethods.swift; sourceTree = SOURCE_ROOT; };
		515479842857DD9A005C5C71 /* SnackViewKeyboardObserver.swift */ = {isa = PBXFileReference; fileEncoding = 4; lastKnownFileType = sourcecode.swift; name = SnackViewKeyboardObserver.swift; path = Sources/SnackView/SnackViewKeyboardObserver.swift; sourceTree = SOURCE_ROOT; };
		515479852857DD9A005C5C71 /* SnackView.swift */ = {isa = PBXFileReference; fileEncoding = 4; lastKnownFileType = sourcecode.swift; name = SnackView.swift; path = Sources/SnackView/SnackView.swift; sourceTree = SOURCE_ROOT; };
		515479862857DD9A005C5C71 /* SnackViewDataSource.swift */ = {isa = PBXFileReference; fileEncoding = 4; lastKnownFileType = sourcecode.swift; name = SnackViewDataSource.swift; path = Sources/SnackView/SnackViewDataSource.swift; sourceTree = SOURCE_ROOT; };
		5154798F2857DDC2005C5C71 /* SVSwitchItem.swift */ = {isa = PBXFileReference; fileEncoding = 4; lastKnownFileType = sourcecode.swift; name = SVSwitchItem.swift; path = "Sources/SnackView/SnackView Items/SVSwitchItem.swift"; sourceTree = SOURCE_ROOT; };
		515479902857DDC2005C5C71 /* SVDescriptionItem.swift */ = {isa = PBXFileReference; fileEncoding = 4; lastKnownFileType = sourcecode.swift; name = SVDescriptionItem.swift; path = "Sources/SnackView/SnackView Items/SVDescriptionItem.swift"; sourceTree = SOURCE_ROOT; };
		515479912857DDC2005C5C71 /* SVSegmentedControllerItem.swift */ = {isa = PBXFileReference; fileEncoding = 4; lastKnownFileType = sourcecode.swift; name = SVSegmentedControllerItem.swift; path = "Sources/SnackView/SnackView Items/SVSegmentedControllerItem.swift"; sourceTree = SOURCE_ROOT; };
		515479922857DDC2005C5C71 /* SVSpacerItem.swift */ = {isa = PBXFileReference; fileEncoding = 4; lastKnownFileType = sourcecode.swift; name = SVSpacerItem.swift; path = "Sources/SnackView/SnackView Items/SVSpacerItem.swift"; sourceTree = SOURCE_ROOT; };
		515479932857DDC2005C5C71 /* SVImageViewItem.swift */ = {isa = PBXFileReference; fileEncoding = 4; lastKnownFileType = sourcecode.swift; name = SVImageViewItem.swift; path = "Sources/SnackView/SnackView Items/SVImageViewItem.swift"; sourceTree = SOURCE_ROOT; };
		515479942857DDC2005C5C71 /* SVItem.swift */ = {isa = PBXFileReference; fileEncoding = 4; lastKnownFileType = sourcecode.swift; name = SVItem.swift; path = "Sources/SnackView/SnackView Items/SVItem.swift"; sourceTree = SOURCE_ROOT; };
		515479952857DDC2005C5C71 /* SVApplicationItem.swift */ = {isa = PBXFileReference; fileEncoding = 4; lastKnownFileType = sourcecode.swift; name = SVApplicationItem.swift; path = "Sources/SnackView/SnackView Items/SVApplicationItem.swift"; sourceTree = SOURCE_ROOT; };
		515479962857DDC2005C5C71 /* SVButtonItem.swift */ = {isa = PBXFileReference; fileEncoding = 4; lastKnownFileType = sourcecode.swift; name = SVButtonItem.swift; path = "Sources/SnackView/SnackView Items/SVButtonItem.swift"; sourceTree = SOURCE_ROOT; };
		515479972857DDC2005C5C71 /* SVDetailTextItem.swift */ = {isa = PBXFileReference; fileEncoding = 4; lastKnownFileType = sourcecode.swift; name = SVDetailTextItem.swift; path = "Sources/SnackView/SnackView Items/SVDetailTextItem.swift"; sourceTree = SOURCE_ROOT; };
		515479982857DDC3005C5C71 /* SVStepperItem.swift */ = {isa = PBXFileReference; fileEncoding = 4; lastKnownFileType = sourcecode.swift; name = SVStepperItem.swift; path = "Sources/SnackView/SnackView Items/SVStepperItem.swift"; sourceTree = SOURCE_ROOT; };
		515479992857DDC3005C5C71 /* SVSliderItem.swift */ = {isa = PBXFileReference; fileEncoding = 4; lastKnownFileType = sourcecode.swift; name = SVSliderItem.swift; path = "Sources/SnackView/SnackView Items/SVSliderItem.swift"; sourceTree = SOURCE_ROOT; };
		5154799A2857DDC3005C5C71 /* SVTextFieldItem.swift */ = {isa = PBXFileReference; fileEncoding = 4; lastKnownFileType = sourcecode.swift; name = SVTextFieldItem.swift; path = "Sources/SnackView/SnackView Items/SVTextFieldItem.swift"; sourceTree = SOURCE_ROOT; };
		5154799B2857DDC3005C5C71 /* SVTitleItem.swift */ = {isa = PBXFileReference; fileEncoding = 4; lastKnownFileType = sourcecode.swift; name = SVTitleItem.swift; path = "Sources/SnackView/SnackView Items/SVTitleItem.swift"; sourceTree = SOURCE_ROOT; };
		5154799C2857DDC3005C5C71 /* SVLoaderItem.swift */ = {isa = PBXFileReference; fileEncoding = 4; lastKnownFileType = sourcecode.swift; name = SVLoaderItem.swift; path = "Sources/SnackView/SnackView Items/SVLoaderItem.swift"; sourceTree = SOURCE_ROOT; };
		515479AB2857E590005C5C71 /* SnackViewAssets.xcassets */ = {isa = PBXFileReference; lastKnownFileType = folder.assetcatalog; name = SnackViewAssets.xcassets; path = Sources/SnackView/SnackViewAssets.xcassets; sourceTree = SOURCE_ROOT; };
		515479B02857E6D8005C5C71 /* CustomInputAccessoryView.swift */ = {isa = PBXFileReference; fileEncoding = 4; lastKnownFileType = sourcecode.swift; name = CustomInputAccessoryView.swift; path = SnackView/Helper/CustomInputAccessoryView.swift; sourceTree = SOURCE_ROOT; };
		515479B12857E6D8005C5C71 /* UIView-Extensions.swift */ = {isa = PBXFileReference; fileEncoding = 4; lastKnownFileType = sourcecode.swift; name = "UIView-Extensions.swift"; path = "SnackView/Helper/UIView-Extensions.swift"; sourceTree = SOURCE_ROOT; };
		515479B628586407005C5C71 /* Quick.xcframework */ = {isa = PBXFileReference; lastKnownFileType = wrapper.xcframework; name = Quick.xcframework; path = Carthage/Build/Quick.xcframework; sourceTree = "<group>"; };
		515479B728586407005C5C71 /* Nimble.xcframework */ = {isa = PBXFileReference; lastKnownFileType = wrapper.xcframework; name = Nimble.xcframework; path = Carthage/Build/Nimble.xcframework; sourceTree = "<group>"; };
		5192725921F86BC100E0965C /* SVCustomButton.swift */ = {isa = PBXFileReference; lastKnownFileType = sourcecode.swift; path = SVCustomButton.swift; sourceTree = "<group>"; };
		5192725D21F86EE800E0965C /* SVGradientView.swift */ = {isa = PBXFileReference; lastKnownFileType = sourcecode.swift; path = SVGradientView.swift; sourceTree = "<group>"; };
		51ADB77C264E9B2300D6488C /* SnackViewItemsTests.swift */ = {isa = PBXFileReference; lastKnownFileType = sourcecode.swift; path = SnackViewItemsTests.swift; sourceTree = "<group>"; };
		51ADB78F264EB5E300D6488C /* MockSnackViewDataSource.swift */ = {isa = PBXFileReference; lastKnownFileType = sourcecode.swift; path = MockSnackViewDataSource.swift; sourceTree = "<group>"; };
		8EFCF5912212149800F68700 /* ExampleSnackViewDataSourceManager.swift */ = {isa = PBXFileReference; fileEncoding = 4; lastKnownFileType = sourcecode.swift; path = ExampleSnackViewDataSourceManager.swift; sourceTree = "<group>"; };
		FF42AE0C21E2844200F4ECEB /* SnackViewExample.app */ = {isa = PBXFileReference; explicitFileType = wrapper.application; includeInIndex = 0; path = SnackViewExample.app; sourceTree = BUILT_PRODUCTS_DIR; };
		FF42AE0E21E2844200F4ECEB /* AppDelegate.swift */ = {isa = PBXFileReference; lastKnownFileType = sourcecode.swift; path = AppDelegate.swift; sourceTree = "<group>"; };
		FF42AE1021E2844200F4ECEB /* ViewController.swift */ = {isa = PBXFileReference; lastKnownFileType = sourcecode.swift; path = ViewController.swift; sourceTree = "<group>"; };
		FF42AE1321E2844200F4ECEB /* Base */ = {isa = PBXFileReference; lastKnownFileType = file.storyboard; name = Base; path = Base.lproj/Main.storyboard; sourceTree = "<group>"; };
		FF42AE1521E2844300F4ECEB /* Assets.xcassets */ = {isa = PBXFileReference; lastKnownFileType = folder.assetcatalog; path = Assets.xcassets; sourceTree = "<group>"; };
		FF42AE1821E2844300F4ECEB /* Base */ = {isa = PBXFileReference; lastKnownFileType = file.storyboard; name = Base; path = Base.lproj/LaunchScreen.storyboard; sourceTree = "<group>"; };
		FF42AE3C21E2B08A00F4ECEB /* Default-568h@2x.png */ = {isa = PBXFileReference; lastKnownFileType = image.png; path = "Default-568h@2x.png"; sourceTree = "<group>"; };
		FF42AE3E21E2B0DE00F4ECEB /* Info.plist */ = {isa = PBXFileReference; lastKnownFileType = text.plist.xml; path = Info.plist; sourceTree = "<group>"; };
		FF42AE4021E2B5C000F4ECEB /* SVCustomItem.swift */ = {isa = PBXFileReference; lastKnownFileType = sourcecode.swift; path = SVCustomItem.swift; sourceTree = "<group>"; };
/* End PBXFileReference section */

/* Begin PBXFrameworksBuildPhase section */
		38F4AEEC205969CD00341940 /* Frameworks */ = {
			isa = PBXFrameworksBuildPhase;
			buildActionMask = 2147483647;
			files = (
			);
			runOnlyForDeploymentPostprocessing = 0;
		};
		38F4AEF6205969CD00341940 /* Frameworks */ = {
			isa = PBXFrameworksBuildPhase;
			buildActionMask = 2147483647;
			files = (
				515479B828586407005C5C71 /* Quick.xcframework in Frameworks */,
				515479B928586407005C5C71 /* Nimble.xcframework in Frameworks */,
				38F4AEFA205969CD00341940 /* SnackView.framework in Frameworks */,
			);
			runOnlyForDeploymentPostprocessing = 0;
		};
		FF42AE0921E2844200F4ECEB /* Frameworks */ = {
			isa = PBXFrameworksBuildPhase;
			buildActionMask = 2147483647;
			files = (
				FF42AE3521E2AEA800F4ECEB /* SnackView.framework in Frameworks */,
			);
			runOnlyForDeploymentPostprocessing = 0;
		};
/* End PBXFrameworksBuildPhase section */

/* Begin PBXGroup section */
		38F4AEE6205969CD00341940 = {
			isa = PBXGroup;
			children = (
				38F4AEF2205969CD00341940 /* SnackView */,
				38F4AEFD205969CD00341940 /* SnackViewTests */,
				514047FE234B4BC60020F126 /* Examples */,
				38F4AEF1205969CD00341940 /* Products */,
				FF511B0421E250CF00911490 /* Frameworks */,
			);
			sourceTree = "<group>";
		};
		38F4AEF1205969CD00341940 /* Products */ = {
			isa = PBXGroup;
			children = (
				38F4AEF0205969CD00341940 /* SnackView.framework */,
				38F4AEF9205969CD00341940 /* SnackViewTests.xctest */,
				FF42AE0C21E2844200F4ECEB /* SnackViewExample.app */,
			);
			name = Products;
			sourceTree = "<group>";
		};
		38F4AEF2205969CD00341940 /* SnackView */ = {
			isa = PBXGroup;
			children = (
				38F4AEF3205969CD00341940 /* SnackView.h */,
				515479B42857E6DC005C5C71 /* Helper */,
				5154797F2857DD2C005C5C71 /* Main Classes */,
				5154798E2857DDAC005C5C71 /* SnackView Items */,
				515479AB2857E590005C5C71 /* SnackViewAssets.xcassets */,
				38F4AEF4205969CD00341940 /* Info.plist */,
			);
			path = SnackView;
			sourceTree = "<group>";
		};
		38F4AEFD205969CD00341940 /* SnackViewTests */ = {
			isa = PBXGroup;
			children = (
				38F4AF00205969CD00341940 /* Info.plist */,
				51ADB78F264EB5E300D6488C /* MockSnackViewDataSource.swift */,
				5133D42F264E876B006EB850 /* SnackViewTests.swift */,
				51ADB77C264E9B2300D6488C /* SnackViewItemsTests.swift */,
				5133D42E264E876B006EB850 /* SnackViewTests-Bridging-Header.h */,
			);
			path = SnackViewTests;
			sourceTree = "<group>";
		};
		511C8D002673BEC200C13B07 /* SnackViewDataSource */ = {
			isa = PBXGroup;
			children = (
				8EFCF5912212149800F68700 /* ExampleSnackViewDataSourceManager.swift */,
				5192725C21F86ECC00E0965C /* Custom Items */,
			);
			path = SnackViewDataSource;
			sourceTree = "<group>";
		};
		514047FE234B4BC60020F126 /* Examples */ = {
			isa = PBXGroup;
			children = (
				FF42AE0D21E2844200F4ECEB /* SnackViewExample */,
			);
			path = Examples;
			sourceTree = "<group>";
		};
		5154797F2857DD2C005C5C71 /* Main Classes */ = {
			isa = PBXGroup;
			children = (
				515479852857DD9A005C5C71 /* SnackView.swift */,
				515479862857DD9A005C5C71 /* SnackViewDataSource.swift */,
				515479832857DD9A005C5C71 /* SnackViewInternalMethods.swift */,
				515479842857DD9A005C5C71 /* SnackViewKeyboardObserver.swift */,
				515479812857DD9A005C5C71 /* SnackViewPublicMethods.swift */,
				515479822857DD9A005C5C71 /* SVScrollView.swift */,
				515479802857DD9A005C5C71 /* SVSkeletonView.swift */,
			);
			path = "Main Classes";
			sourceTree = "<group>";
		};
		5154798E2857DDAC005C5C71 /* SnackView Items */ = {
			isa = PBXGroup;
			children = (
				515479952857DDC2005C5C71 /* SVApplicationItem.swift */,
				515479962857DDC2005C5C71 /* SVButtonItem.swift */,
				515479902857DDC2005C5C71 /* SVDescriptionItem.swift */,
				515479972857DDC2005C5C71 /* SVDetailTextItem.swift */,
				515479932857DDC2005C5C71 /* SVImageViewItem.swift */,
				515479942857DDC2005C5C71 /* SVItem.swift */,
				5154799C2857DDC3005C5C71 /* SVLoaderItem.swift */,
				515479912857DDC2005C5C71 /* SVSegmentedControllerItem.swift */,
				515479992857DDC3005C5C71 /* SVSliderItem.swift */,
				515479922857DDC2005C5C71 /* SVSpacerItem.swift */,
				515479982857DDC3005C5C71 /* SVStepperItem.swift */,
				5154798F2857DDC2005C5C71 /* SVSwitchItem.swift */,
				5154799A2857DDC3005C5C71 /* SVTextFieldItem.swift */,
				5154799B2857DDC3005C5C71 /* SVTitleItem.swift */,
			);
			path = "SnackView Items";
			sourceTree = "<group>";
		};
		515479B42857E6DC005C5C71 /* Helper */ = {
			isa = PBXGroup;
			children = (
				515479B02857E6D8005C5C71 /* CustomInputAccessoryView.swift */,
				515479B12857E6D8005C5C71 /* UIView-Extensions.swift */,
			);
			path = Helper;
			sourceTree = "<group>";
		};
		5192725B21F86EC200E0965C /* ViewController */ = {
			isa = PBXGroup;
			children = (
				FF42AE1021E2844200F4ECEB /* ViewController.swift */,
			);
			path = ViewController;
			sourceTree = "<group>";
		};
		5192725C21F86ECC00E0965C /* Custom Items */ = {
			isa = PBXGroup;
			children = (
				5192725921F86BC100E0965C /* SVCustomButton.swift */,
				FF42AE4021E2B5C000F4ECEB /* SVCustomItem.swift */,
				5192725D21F86EE800E0965C /* SVGradientView.swift */,
			);
			path = "Custom Items";
			sourceTree = "<group>";
		};
		FF42AE0D21E2844200F4ECEB /* SnackViewExample */ = {
			isa = PBXGroup;
			children = (
				511C8D002673BEC200C13B07 /* SnackViewDataSource */,
				FF42AE3821E2AF0700F4ECEB /* Source */,
				FF42AE3921E2AF1600F4ECEB /* Supporting Files */,
			);
			path = SnackViewExample;
			sourceTree = "<group>";
		};
		FF42AE3821E2AF0700F4ECEB /* Source */ = {
			isa = PBXGroup;
			children = (
				FF42AE0E21E2844200F4ECEB /* AppDelegate.swift */,
				FF42AE1221E2844200F4ECEB /* Main.storyboard */,
				5192725B21F86EC200E0965C /* ViewController */,
			);
			path = Source;
			sourceTree = "<group>";
		};
		FF42AE3921E2AF1600F4ECEB /* Supporting Files */ = {
			isa = PBXGroup;
			children = (
				FF42AE3E21E2B0DE00F4ECEB /* Info.plist */,
				FF42AE3C21E2B08A00F4ECEB /* Default-568h@2x.png */,
				FF42AE1521E2844300F4ECEB /* Assets.xcassets */,
				FF42AE1721E2844300F4ECEB /* LaunchScreen.storyboard */,
			);
			path = "Supporting Files";
			sourceTree = "<group>";
		};
		FF511B0421E250CF00911490 /* Frameworks */ = {
			isa = PBXGroup;
			children = (
				515479B728586407005C5C71 /* Nimble.xcframework */,
				515479B628586407005C5C71 /* Quick.xcframework */,
			);
			name = Frameworks;
			sourceTree = "<group>";
		};
/* End PBXGroup section */

/* Begin PBXHeadersBuildPhase section */
		38F4AEED205969CD00341940 /* Headers */ = {
			isa = PBXHeadersBuildPhase;
			buildActionMask = 2147483647;
			files = (
				38F4AF01205969CD00341940 /* SnackView.h in Headers */,
			);
			runOnlyForDeploymentPostprocessing = 0;
		};
/* End PBXHeadersBuildPhase section */

/* Begin PBXNativeTarget section */
		38F4AEEF205969CD00341940 /* SnackView */ = {
			isa = PBXNativeTarget;
			buildConfigurationList = 38F4AF04205969CD00341940 /* Build configuration list for PBXNativeTarget "SnackView" */;
			buildPhases = (
				38F4AEEC205969CD00341940 /* Frameworks */,
				38F4AEEB205969CD00341940 /* Sources */,
				38F4AEED205969CD00341940 /* Headers */,
				38F4AEEE205969CD00341940 /* Resources */,
			);
			buildRules = (
			);
			dependencies = (
			);
			name = SnackView;
			packageProductDependencies = (
			);
			productName = SnackView;
			productReference = 38F4AEF0205969CD00341940 /* SnackView.framework */;
			productType = "com.apple.product-type.framework";
		};
		38F4AEF8205969CD00341940 /* SnackViewTests */ = {
			isa = PBXNativeTarget;
			buildConfigurationList = 38F4AF07205969CD00341940 /* Build configuration list for PBXNativeTarget "SnackViewTests" */;
			buildPhases = (
				38F4AEF5205969CD00341940 /* Sources */,
				38F4AEF6205969CD00341940 /* Frameworks */,
				38F4AEF7205969CD00341940 /* Resources */,
				51AB2CA326504CF400BE2891 /* CopyFiles */,
			);
			buildRules = (
			);
			dependencies = (
				38F4AEFC205969CD00341940 /* PBXTargetDependency */,
				FF42AE2D21E2846000F4ECEB /* PBXTargetDependency */,
			);
			name = SnackViewTests;
			productName = SnackViewTests;
			productReference = 38F4AEF9205969CD00341940 /* SnackViewTests.xctest */;
			productType = "com.apple.product-type.bundle.unit-test";
		};
		FF42AE0B21E2844200F4ECEB /* SnackViewExample */ = {
			isa = PBXNativeTarget;
			buildConfigurationList = FF42AE2A21E2844400F4ECEB /* Build configuration list for PBXNativeTarget "SnackViewExample" */;
			buildPhases = (
				FF42AE0821E2844200F4ECEB /* Sources */,
				FF42AE0921E2844200F4ECEB /* Frameworks */,
				FF42AE0A21E2844200F4ECEB /* Resources */,
				FF42AE3621E2AEAC00F4ECEB /* CopyFiles */,
			);
			buildRules = (
			);
			dependencies = (
			);
			name = SnackViewExample;
			productName = SnackViewExample;
			productReference = FF42AE0C21E2844200F4ECEB /* SnackViewExample.app */;
			productType = "com.apple.product-type.application";
		};
/* End PBXNativeTarget section */

/* Begin PBXProject section */
		38F4AEE7205969CD00341940 /* Project object */ = {
			isa = PBXProject;
			attributes = {
				BuildIndependentTargetsInParallel = YES;
				LastSwiftUpdateCheck = 1100;
				LastUpgradeCheck = 1430;
				ORGANIZATIONNAME = LucaCasula;
				TargetAttributes = {
					38F4AEEF205969CD00341940 = {
						CreatedOnToolsVersion = 9.2;
						LastSwiftMigration = 1320;
						ProvisioningStyle = Automatic;
					};
					38F4AEF8205969CD00341940 = {
						CreatedOnToolsVersion = 9.2;
						LastSwiftMigration = 1240;
						ProvisioningStyle = Automatic;
						TestTargetID = FF42AE0B21E2844200F4ECEB;
					};
					FF42AE0B21E2844200F4ECEB = {
						CreatedOnToolsVersion = 10.1;
						LastSwiftMigration = 1100;
						ProvisioningStyle = Automatic;
					};
				};
			};
			buildConfigurationList = 38F4AEEA205969CD00341940 /* Build configuration list for PBXProject "SnackView" */;
			compatibilityVersion = "Xcode 8.0";
			developmentRegion = en;
			hasScannedForEncodings = 0;
			knownRegions = (
				en,
				Base,
			);
			mainGroup = 38F4AEE6205969CD00341940;
			packageReferences = (
			);
			productRefGroup = 38F4AEF1205969CD00341940 /* Products */;
			projectDirPath = "";
			projectRoot = "";
			targets = (
				38F4AEEF205969CD00341940 /* SnackView */,
				38F4AEF8205969CD00341940 /* SnackViewTests */,
				FF42AE0B21E2844200F4ECEB /* SnackViewExample */,
			);
		};
/* End PBXProject section */

/* Begin PBXResourcesBuildPhase section */
		38F4AEEE205969CD00341940 /* Resources */ = {
			isa = PBXResourcesBuildPhase;
			buildActionMask = 2147483647;
			files = (
				515479AC2857E590005C5C71 /* SnackViewAssets.xcassets in Resources */,
			);
			runOnlyForDeploymentPostprocessing = 0;
		};
		38F4AEF7205969CD00341940 /* Resources */ = {
			isa = PBXResourcesBuildPhase;
			buildActionMask = 2147483647;
			files = (
			);
			runOnlyForDeploymentPostprocessing = 0;
		};
		FF42AE0A21E2844200F4ECEB /* Resources */ = {
			isa = PBXResourcesBuildPhase;
			buildActionMask = 2147483647;
			files = (
				FF42AE1921E2844300F4ECEB /* LaunchScreen.storyboard in Resources */,
				FF42AE3D21E2B08A00F4ECEB /* Default-568h@2x.png in Resources */,
				FF42AE1621E2844300F4ECEB /* Assets.xcassets in Resources */,
				FF42AE1421E2844300F4ECEB /* Main.storyboard in Resources */,
			);
			runOnlyForDeploymentPostprocessing = 0;
		};
/* End PBXResourcesBuildPhase section */

/* Begin PBXSourcesBuildPhase section */
		38F4AEEB205969CD00341940 /* Sources */ = {
			isa = PBXSourcesBuildPhase;
			buildActionMask = 2147483647;
			files = (
				515479872857DD9A005C5C71 /* SVSkeletonView.swift in Sources */,
				515479A52857DDC3005C5C71 /* SVDetailTextItem.swift in Sources */,
				515479A92857DDC3005C5C71 /* SVTitleItem.swift in Sources */,
				515479B22857E6D8005C5C71 /* CustomInputAccessoryView.swift in Sources */,
				515479A82857DDC3005C5C71 /* SVTextFieldItem.swift in Sources */,
				5154798A2857DD9A005C5C71 /* SnackViewInternalMethods.swift in Sources */,
				515479AA2857DDC3005C5C71 /* SVLoaderItem.swift in Sources */,
				515479A22857DDC3005C5C71 /* SVItem.swift in Sources */,
				515479B32857E6D8005C5C71 /* UIView-Extensions.swift in Sources */,
				5154799E2857DDC3005C5C71 /* SVDescriptionItem.swift in Sources */,
				5154798D2857DD9A005C5C71 /* SnackViewDataSource.swift in Sources */,
				5154798B2857DD9A005C5C71 /* SnackViewKeyboardObserver.swift in Sources */,
				515479A42857DDC3005C5C71 /* SVButtonItem.swift in Sources */,
				515479A72857DDC3005C5C71 /* SVSliderItem.swift in Sources */,
				515479892857DD9A005C5C71 /* SVScrollView.swift in Sources */,
				515479A12857DDC3005C5C71 /* SVImageViewItem.swift in Sources */,
				515479A32857DDC3005C5C71 /* SVApplicationItem.swift in Sources */,
				515479A62857DDC3005C5C71 /* SVStepperItem.swift in Sources */,
				5154799F2857DDC3005C5C71 /* SVSegmentedControllerItem.swift in Sources */,
				515479882857DD9A005C5C71 /* SnackViewPublicMethods.swift in Sources */,
				5154798C2857DD9A005C5C71 /* SnackView.swift in Sources */,
				515479A02857DDC3005C5C71 /* SVSpacerItem.swift in Sources */,
				5154799D2857DDC3005C5C71 /* SVSwitchItem.swift in Sources */,
			);
			runOnlyForDeploymentPostprocessing = 0;
		};
		38F4AEF5205969CD00341940 /* Sources */ = {
			isa = PBXSourcesBuildPhase;
			buildActionMask = 2147483647;
			files = (
				51ADB790264EB5E300D6488C /* MockSnackViewDataSource.swift in Sources */,
				51ADB77D264E9B2300D6488C /* SnackViewItemsTests.swift in Sources */,
				5133D430264E876B006EB850 /* SnackViewTests.swift in Sources */,
			);
			runOnlyForDeploymentPostprocessing = 0;
		};
		FF42AE0821E2844200F4ECEB /* Sources */ = {
			isa = PBXSourcesBuildPhase;
			buildActionMask = 2147483647;
			files = (
				FF42AE4121E2B5C000F4ECEB /* SVCustomItem.swift in Sources */,
				5192725A21F86BC100E0965C /* SVCustomButton.swift in Sources */,
				FF42AE1121E2844200F4ECEB /* ViewController.swift in Sources */,
				5192725E21F86EE800E0965C /* SVGradientView.swift in Sources */,
				8EFCF5922212149800F68700 /* ExampleSnackViewDataSourceManager.swift in Sources */,
				FF42AE0F21E2844200F4ECEB /* AppDelegate.swift in Sources */,
			);
			runOnlyForDeploymentPostprocessing = 0;
		};
/* End PBXSourcesBuildPhase section */

/* Begin PBXTargetDependency section */
		38F4AEFC205969CD00341940 /* PBXTargetDependency */ = {
			isa = PBXTargetDependency;
			platformFilter = ios;
			target = 38F4AEEF205969CD00341940 /* SnackView */;
			targetProxy = 38F4AEFB205969CD00341940 /* PBXContainerItemProxy */;
		};
		FF42AE2D21E2846000F4ECEB /* PBXTargetDependency */ = {
			isa = PBXTargetDependency;
			target = FF42AE0B21E2844200F4ECEB /* SnackViewExample */;
			targetProxy = FF42AE2C21E2846000F4ECEB /* PBXContainerItemProxy */;
		};
/* End PBXTargetDependency section */

/* Begin PBXVariantGroup section */
		FF42AE1221E2844200F4ECEB /* Main.storyboard */ = {
			isa = PBXVariantGroup;
			children = (
				FF42AE1321E2844200F4ECEB /* Base */,
			);
			name = Main.storyboard;
			sourceTree = "<group>";
		};
		FF42AE1721E2844300F4ECEB /* LaunchScreen.storyboard */ = {
			isa = PBXVariantGroup;
			children = (
				FF42AE1821E2844300F4ECEB /* Base */,
			);
			name = LaunchScreen.storyboard;
			sourceTree = "<group>";
		};
/* End PBXVariantGroup section */

/* Begin XCBuildConfiguration section */
		38F4AF02205969CD00341940 /* Debug */ = {
			isa = XCBuildConfiguration;
			buildSettings = {
				ALWAYS_SEARCH_USER_PATHS = NO;
				CLANG_ANALYZER_NONNULL = YES;
				CLANG_ANALYZER_NUMBER_OBJECT_CONVERSION = YES_AGGRESSIVE;
				CLANG_CXX_LANGUAGE_STANDARD = "gnu++14";
				CLANG_CXX_LIBRARY = "libc++";
				CLANG_ENABLE_MODULES = YES;
				CLANG_ENABLE_OBJC_ARC = YES;
				CLANG_WARN_BLOCK_CAPTURE_AUTORELEASING = YES;
				CLANG_WARN_BOOL_CONVERSION = YES;
				CLANG_WARN_COMMA = YES;
				CLANG_WARN_CONSTANT_CONVERSION = YES;
				CLANG_WARN_DEPRECATED_OBJC_IMPLEMENTATIONS = YES;
				CLANG_WARN_DIRECT_OBJC_ISA_USAGE = YES_ERROR;
				CLANG_WARN_DOCUMENTATION_COMMENTS = YES;
				CLANG_WARN_EMPTY_BODY = YES;
				CLANG_WARN_ENUM_CONVERSION = YES;
				CLANG_WARN_INFINITE_RECURSION = YES;
				CLANG_WARN_INT_CONVERSION = YES;
				CLANG_WARN_NON_LITERAL_NULL_CONVERSION = YES;
				CLANG_WARN_OBJC_IMPLICIT_RETAIN_SELF = YES;
				CLANG_WARN_OBJC_LITERAL_CONVERSION = YES;
				CLANG_WARN_OBJC_ROOT_CLASS = YES_ERROR;
				CLANG_WARN_QUOTED_INCLUDE_IN_FRAMEWORK_HEADER = YES;
				CLANG_WARN_RANGE_LOOP_ANALYSIS = YES;
				CLANG_WARN_STRICT_PROTOTYPES = YES;
				CLANG_WARN_SUSPICIOUS_MOVE = YES;
				CLANG_WARN_UNGUARDED_AVAILABILITY = YES_AGGRESSIVE;
				CLANG_WARN_UNREACHABLE_CODE = YES;
				CLANG_WARN__DUPLICATE_METHOD_MATCH = YES;
				CODE_SIGN_IDENTITY = "iPhone Developer";
				COPY_PHASE_STRIP = NO;
				CURRENT_PROJECT_VERSION = 1;
				DEBUG_INFORMATION_FORMAT = dwarf;
				ENABLE_STRICT_OBJC_MSGSEND = YES;
				ENABLE_TESTABILITY = YES;
				GCC_C_LANGUAGE_STANDARD = gnu11;
				GCC_DYNAMIC_NO_PIC = NO;
				GCC_NO_COMMON_BLOCKS = YES;
				GCC_OPTIMIZATION_LEVEL = 0;
				GCC_PREPROCESSOR_DEFINITIONS = (
					"DEBUG=1",
					"$(inherited)",
				);
				GCC_WARN_64_TO_32_BIT_CONVERSION = YES;
				GCC_WARN_ABOUT_RETURN_TYPE = YES_ERROR;
				GCC_WARN_UNDECLARED_SELECTOR = YES;
				GCC_WARN_UNINITIALIZED_AUTOS = YES_AGGRESSIVE;
				GCC_WARN_UNUSED_FUNCTION = YES;
				GCC_WARN_UNUSED_VARIABLE = YES;
				IPHONEOS_DEPLOYMENT_TARGET = 13.0;
				MTL_ENABLE_DEBUG_INFO = YES;
				ONLY_ACTIVE_ARCH = YES;
				SDKROOT = iphoneos;
				SWIFT_ACTIVE_COMPILATION_CONDITIONS = DEBUG;
				SWIFT_OPTIMIZATION_LEVEL = "-Onone";
				SWIFT_VERSION = 4.2;
				VALIDATE_PRODUCT = NO;
				VALIDATE_WORKSPACE = YES;
				VERSIONING_SYSTEM = "apple-generic";
				VERSION_INFO_PREFIX = "";
			};
			name = Debug;
		};
		38F4AF03205969CD00341940 /* Release */ = {
			isa = XCBuildConfiguration;
			buildSettings = {
				ALWAYS_SEARCH_USER_PATHS = NO;
				CLANG_ANALYZER_NONNULL = YES;
				CLANG_ANALYZER_NUMBER_OBJECT_CONVERSION = YES_AGGRESSIVE;
				CLANG_CXX_LANGUAGE_STANDARD = "gnu++14";
				CLANG_CXX_LIBRARY = "libc++";
				CLANG_ENABLE_MODULES = YES;
				CLANG_ENABLE_OBJC_ARC = YES;
				CLANG_WARN_BLOCK_CAPTURE_AUTORELEASING = YES;
				CLANG_WARN_BOOL_CONVERSION = YES;
				CLANG_WARN_COMMA = YES;
				CLANG_WARN_CONSTANT_CONVERSION = YES;
				CLANG_WARN_DEPRECATED_OBJC_IMPLEMENTATIONS = YES;
				CLANG_WARN_DIRECT_OBJC_ISA_USAGE = YES_ERROR;
				CLANG_WARN_DOCUMENTATION_COMMENTS = YES;
				CLANG_WARN_EMPTY_BODY = YES;
				CLANG_WARN_ENUM_CONVERSION = YES;
				CLANG_WARN_INFINITE_RECURSION = YES;
				CLANG_WARN_INT_CONVERSION = YES;
				CLANG_WARN_NON_LITERAL_NULL_CONVERSION = YES;
				CLANG_WARN_OBJC_IMPLICIT_RETAIN_SELF = YES;
				CLANG_WARN_OBJC_LITERAL_CONVERSION = YES;
				CLANG_WARN_OBJC_ROOT_CLASS = YES_ERROR;
				CLANG_WARN_QUOTED_INCLUDE_IN_FRAMEWORK_HEADER = YES;
				CLANG_WARN_RANGE_LOOP_ANALYSIS = YES;
				CLANG_WARN_STRICT_PROTOTYPES = YES;
				CLANG_WARN_SUSPICIOUS_MOVE = YES;
				CLANG_WARN_UNGUARDED_AVAILABILITY = YES_AGGRESSIVE;
				CLANG_WARN_UNREACHABLE_CODE = YES;
				CLANG_WARN__DUPLICATE_METHOD_MATCH = YES;
				CODE_SIGN_IDENTITY = "iPhone Developer";
				COPY_PHASE_STRIP = NO;
				CURRENT_PROJECT_VERSION = 1;
				DEBUG_INFORMATION_FORMAT = "dwarf-with-dsym";
				ENABLE_NS_ASSERTIONS = NO;
				ENABLE_STRICT_OBJC_MSGSEND = YES;
				GCC_C_LANGUAGE_STANDARD = gnu11;
				GCC_NO_COMMON_BLOCKS = YES;
				GCC_WARN_64_TO_32_BIT_CONVERSION = YES;
				GCC_WARN_ABOUT_RETURN_TYPE = YES_ERROR;
				GCC_WARN_UNDECLARED_SELECTOR = YES;
				GCC_WARN_UNINITIALIZED_AUTOS = YES_AGGRESSIVE;
				GCC_WARN_UNUSED_FUNCTION = YES;
				GCC_WARN_UNUSED_VARIABLE = YES;
				IPHONEOS_DEPLOYMENT_TARGET = 13.0;
				MTL_ENABLE_DEBUG_INFO = NO;
				SDKROOT = iphoneos;
				SWIFT_COMPILATION_MODE = wholemodule;
				SWIFT_OPTIMIZATION_LEVEL = "-O";
				SWIFT_VERSION = 4.2;
				VALIDATE_PRODUCT = YES;
				VALIDATE_WORKSPACE = YES;
				VERSIONING_SYSTEM = "apple-generic";
				VERSION_INFO_PREFIX = "";
			};
			name = Release;
		};
		38F4AF05205969CD00341940 /* Debug */ = {
			isa = XCBuildConfiguration;
			buildSettings = {
				BUILD_LIBRARY_FOR_DISTRIBUTION = NO;
				CLANG_ENABLE_MODULES = YES;
				CODE_SIGN_IDENTITY = "";
				CODE_SIGN_STYLE = Automatic;
				DEFINES_MODULE = YES;
				DEVELOPMENT_TEAM = 486MB7T8V9;
				DYLIB_COMPATIBILITY_VERSION = 1;
				DYLIB_CURRENT_VERSION = 1;
				DYLIB_INSTALL_NAME_BASE = "@rpath";
				ENABLE_BITCODE = YES;
				ENABLE_MODULE_VERIFIER = YES;
				ENABLE_TESTING_SEARCH_PATHS = YES;
				EXCLUDED_ARCHS = "";
				FRAMEWORK_SEARCH_PATHS = (
					"$(inherited)",
					"$(PROJECT_DIR)",
					"$(PROJECT_DIR)/Carthage/Build/iOS",
				);
				INFOPLIST_FILE = SnackView/Info.plist;
				INSTALL_PATH = "$(LOCAL_LIBRARY_DIR)/Frameworks";
				IPHONEOS_DEPLOYMENT_TARGET = 13.0;
				LD_RUNPATH_SEARCH_PATHS = (
					"$(inherited)",
					"@executable_path/Frameworks",
					"@loader_path/Frameworks",
				);
				MODULE_VERIFIER_SUPPORTED_LANGUAGES = "objective-c objective-c++";
				MODULE_VERIFIER_SUPPORTED_LANGUAGE_STANDARDS = "gnu11 gnu++14";
				PRODUCT_BUNDLE_IDENTIFIER = LucaCasula.SnackView;
				PRODUCT_NAME = "$(TARGET_NAME:c99extidentifier)";
				SKIP_INSTALL = YES;
				SUPPORTS_MACCATALYST = NO;
				SWIFT_OPTIMIZATION_LEVEL = "-Onone";
				SWIFT_VERSION = 5.0;
				TARGETED_DEVICE_FAMILY = "1,2";
				VALIDATE_PRODUCT = YES;
			};
			name = Debug;
		};
		38F4AF06205969CD00341940 /* Release */ = {
			isa = XCBuildConfiguration;
			buildSettings = {
				BUILD_LIBRARY_FOR_DISTRIBUTION = NO;
				CLANG_ENABLE_MODULES = YES;
				CODE_SIGN_IDENTITY = "";
				CODE_SIGN_STYLE = Automatic;
				DEFINES_MODULE = YES;
				DEVELOPMENT_TEAM = 486MB7T8V9;
				DYLIB_COMPATIBILITY_VERSION = 1;
				DYLIB_CURRENT_VERSION = 1;
				DYLIB_INSTALL_NAME_BASE = "@rpath";
				ENABLE_BITCODE = YES;
				ENABLE_MODULE_VERIFIER = YES;
				ENABLE_TESTING_SEARCH_PATHS = YES;
				EXCLUDED_ARCHS = "";
				FRAMEWORK_SEARCH_PATHS = (
					"$(inherited)",
					"$(PROJECT_DIR)",
					"$(PROJECT_DIR)/Carthage/Build/iOS",
				);
				INFOPLIST_FILE = SnackView/Info.plist;
				INSTALL_PATH = "$(LOCAL_LIBRARY_DIR)/Frameworks";
				IPHONEOS_DEPLOYMENT_TARGET = 13.0;
				LD_RUNPATH_SEARCH_PATHS = (
					"$(inherited)",
					"@executable_path/Frameworks",
					"@loader_path/Frameworks",
				);
				MODULE_VERIFIER_SUPPORTED_LANGUAGES = "objective-c objective-c++";
				MODULE_VERIFIER_SUPPORTED_LANGUAGE_STANDARDS = "gnu11 gnu++14";
				PRODUCT_BUNDLE_IDENTIFIER = LucaCasula.SnackView;
				PRODUCT_NAME = "$(TARGET_NAME:c99extidentifier)";
				SKIP_INSTALL = YES;
				SUPPORTS_MACCATALYST = NO;
				SWIFT_VERSION = 5.0;
				TARGETED_DEVICE_FAMILY = "1,2";
			};
			name = Release;
		};
		38F4AF08205969CD00341940 /* Debug */ = {
			isa = XCBuildConfiguration;
			buildSettings = {
				ALWAYS_EMBED_SWIFT_STANDARD_LIBRARIES = YES;
				BUILD_LIBRARY_FOR_DISTRIBUTION = NO;
				BUNDLE_LOADER = "$(TEST_HOST)";
				CLANG_ENABLE_MODULES = YES;
				CODE_SIGN_STYLE = Automatic;
				DEVELOPMENT_TEAM = 486MB7T8V9;
				ENABLE_BITCODE = NO;
				EXCLUDED_ARCHS = "";
				"EXCLUDED_ARCHS[sdk=iphoneos*]" = "i386 x86_64";
				"EXCLUDED_ARCHS[sdk=iphonesimulator*]" = "armv7 arm64e arm64";
				FRAMEWORK_SEARCH_PATHS = (
					"$(inherited)",
					"$(PROJECT_DIR)/Example/Carthage/Build/iOS",
					"$(PROJECT_DIR)/Carthage/Build/iOS",
					"$(PROJECT_DIR)",
				);
				GENERATE_PKGINFO_FILE = NO;
				INFOPLIST_FILE = SnackViewTests/Info.plist;
				LD_RUNPATH_SEARCH_PATHS = (
					"$(inherited)",
					"@executable_path/Frameworks",
					"@loader_path/Frameworks",
				);
				ONLY_ACTIVE_ARCH = YES;
				PRODUCT_BUNDLE_IDENTIFIER = LucaCasula.SnackViewTests;
				PRODUCT_NAME = "$(TARGET_NAME)";
				SWIFT_INCLUDE_PATHS = "$(SRCROOT)";
				SWIFT_OBJC_BRIDGING_HEADER = "SnackViewTests/SnackViewTests-Bridging-Header.h";
				SWIFT_OPTIMIZATION_LEVEL = "-Onone";
				SWIFT_VERSION = 4.2;
				TARGETED_DEVICE_FAMILY = "1,2";
				TEST_HOST = "$(BUILT_PRODUCTS_DIR)/SnackViewExample.app/SnackViewExample";
				VALIDATE_PRODUCT = YES;
			};
			name = Debug;
		};
		38F4AF09205969CD00341940 /* Release */ = {
			isa = XCBuildConfiguration;
			buildSettings = {
				ALWAYS_EMBED_SWIFT_STANDARD_LIBRARIES = YES;
				BUILD_LIBRARY_FOR_DISTRIBUTION = NO;
				BUNDLE_LOADER = "$(TEST_HOST)";
				CLANG_ENABLE_MODULES = YES;
				CODE_SIGN_STYLE = Automatic;
				DEVELOPMENT_TEAM = 486MB7T8V9;
				ENABLE_BITCODE = NO;
				EXCLUDED_ARCHS = "";
				"EXCLUDED_ARCHS[sdk=*]" = "x_86_64 i386";
				"EXCLUDED_ARCHS[sdk=iphonesimulator*]" = "arm64 arm64e armv7";
				FRAMEWORK_SEARCH_PATHS = (
					"$(inherited)",
					"$(PROJECT_DIR)/Example/Carthage/Build/iOS",
					"$(PROJECT_DIR)/Carthage/Build/iOS",
					"$(PROJECT_DIR)",
				);
				GENERATE_PKGINFO_FILE = NO;
				INFOPLIST_FILE = SnackViewTests/Info.plist;
				LD_RUNPATH_SEARCH_PATHS = (
					"$(inherited)",
					"@executable_path/Frameworks",
					"@loader_path/Frameworks",
				);
				ONLY_ACTIVE_ARCH = NO;
				PRODUCT_BUNDLE_IDENTIFIER = LucaCasula.SnackViewTests;
				PRODUCT_NAME = "$(TARGET_NAME)";
				SWIFT_INCLUDE_PATHS = "$(SRCROOT)";
				SWIFT_OBJC_BRIDGING_HEADER = "SnackViewTests/SnackViewTests-Bridging-Header.h";
				SWIFT_VERSION = 4.2;
				TARGETED_DEVICE_FAMILY = "1,2";
				TEST_HOST = "$(BUILT_PRODUCTS_DIR)/SnackViewExample.app/SnackViewExample";
			};
			name = Release;
		};
		FF42AE2621E2844400F4ECEB /* Debug */ = {
			isa = XCBuildConfiguration;
			buildSettings = {
				ALWAYS_EMBED_SWIFT_STANDARD_LIBRARIES = YES;
				ASSETCATALOG_COMPILER_APPICON_NAME = AppIcon;
				CLANG_ENABLE_OBJC_WEAK = YES;
				CODE_SIGN_STYLE = Automatic;
				DEVELOPMENT_TEAM = 486MB7T8V9;
				INFOPLIST_FILE = "Examples/SnackViewExample/Supporting Files/Info.plist";
				IPHONEOS_DEPLOYMENT_TARGET = 13.0;
				LD_RUNPATH_SEARCH_PATHS = (
					"$(inherited)",
					"@executable_path/Frameworks",
				);
				MTL_ENABLE_DEBUG_INFO = INCLUDE_SOURCE;
				MTL_FAST_MATH = YES;
				PRODUCT_BUNDLE_IDENTIFIER = LucaCasula.SnackViewExample;
				PRODUCT_NAME = "$(TARGET_NAME)";
				SWIFT_VERSION = 5.0;
				TARGETED_DEVICE_FAMILY = "1,2";
			};
			name = Debug;
		};
		FF42AE2721E2844400F4ECEB /* Release */ = {
			isa = XCBuildConfiguration;
			buildSettings = {
				ALWAYS_EMBED_SWIFT_STANDARD_LIBRARIES = YES;
				ASSETCATALOG_COMPILER_APPICON_NAME = AppIcon;
				CLANG_ENABLE_OBJC_WEAK = YES;
				CODE_SIGN_STYLE = Automatic;
				DEVELOPMENT_TEAM = 486MB7T8V9;
				INFOPLIST_FILE = "Examples/SnackViewExample/Supporting Files/Info.plist";
				IPHONEOS_DEPLOYMENT_TARGET = 13.0;
				LD_RUNPATH_SEARCH_PATHS = (
					"$(inherited)",
					"@executable_path/Frameworks",
				);
				MTL_FAST_MATH = YES;
				PRODUCT_BUNDLE_IDENTIFIER = LucaCasula.SnackViewExample;
				PRODUCT_NAME = "$(TARGET_NAME)";
				SWIFT_VERSION = 5.0;
				TARGETED_DEVICE_FAMILY = "1,2";
			};
			name = Release;
		};
/* End XCBuildConfiguration section */

/* Begin XCConfigurationList section */
		38F4AEEA205969CD00341940 /* Build configuration list for PBXProject "SnackView" */ = {
			isa = XCConfigurationList;
			buildConfigurations = (
				38F4AF02205969CD00341940 /* Debug */,
				38F4AF03205969CD00341940 /* Release */,
			);
			defaultConfigurationIsVisible = 0;
			defaultConfigurationName = Release;
		};
		38F4AF04205969CD00341940 /* Build configuration list for PBXNativeTarget "SnackView" */ = {
			isa = XCConfigurationList;
			buildConfigurations = (
				38F4AF05205969CD00341940 /* Debug */,
				38F4AF06205969CD00341940 /* Release */,
			);
			defaultConfigurationIsVisible = 0;
			defaultConfigurationName = Release;
		};
		38F4AF07205969CD00341940 /* Build configuration list for PBXNativeTarget "SnackViewTests" */ = {
			isa = XCConfigurationList;
			buildConfigurations = (
				38F4AF08205969CD00341940 /* Debug */,
				38F4AF09205969CD00341940 /* Release */,
			);
			defaultConfigurationIsVisible = 0;
			defaultConfigurationName = Release;
		};
		FF42AE2A21E2844400F4ECEB /* Build configuration list for PBXNativeTarget "SnackViewExample" */ = {
			isa = XCConfigurationList;
			buildConfigurations = (
				FF42AE2621E2844400F4ECEB /* Debug */,
				FF42AE2721E2844400F4ECEB /* Release */,
			);
			defaultConfigurationIsVisible = 0;
			defaultConfigurationName = Release;
		};
/* End XCConfigurationList section */
	};
	rootObject = 38F4AEE7205969CD00341940 /* Project object */;
}
